
Microsoft Visual Studio Solution File, Format Version 12.00
# Visual Studio Version 17
VisualStudioVersion = 17.6.33712.159
MinimumVisualStudioVersion = 10.0.40219.1
Project("{9A19103F-16F7-4668-BE54-9A1E7A4F7556}") = "SIEPRO.API", "SIEPRO.API\SIEPRO.API.csproj", "{C45FBE3F-60DD-42FC-B78C-3D31E5A8C100}"
	ProjectSection(ProjectDependencies) = postProject
		{C4D067BB-8C50-4F8B-8850-E98FCD570BB8} = {C4D067BB-8C50-4F8B-8850-E98FCD570BB8}
	EndProjectSection
EndProject
Project("{54A90642-561A-4BB1-A94E-469ADEE60C69}") = "SIEPRO.Web", "SIEPRO.Web\SIEPRO.Web.esproj", "{34478CB2-9F25-47BD-9C4F-9BD61A04B2AF}"
EndProject
Project("{9A19103F-16F7-4668-BE54-9A1E7A4F7556}") = "SIEPRO.Data", "SIEPRO.Data\SIEPRO.Data.csproj", "{C4D067BB-8C50-4F8B-8850-E98FCD570BB8}"
EndProject
Global
	GlobalSection(SolutionConfigurationPlatforms) = preSolution
		Debug|Any CPU = Debug|Any CPU
		Release|Any CPU = Release|Any CPU
	EndGlobalSection
	GlobalSection(ProjectConfigurationPlatforms) = postSolution
		{C45FBE3F-60DD-42FC-B78C-3D31E5A8C100}.Debug|Any CPU.ActiveCfg = Debug|Any CPU
		{C45FBE3F-60DD-42FC-B78C-3D31E5A8C100}.Debug|Any CPU.Build.0 = Debug|Any CPU
		{C45FBE3F-60DD-42FC-B78C-3D31E5A8C100}.Release|Any CPU.ActiveCfg = Release|Any CPU
		{C45FBE3F-60DD-42FC-B78C-3D31E5A8C100}.Release|Any CPU.Build.0 = Release|Any CPU
		{34478CB2-9F25-47BD-9C4F-9BD61A04B2AF}.Debug|Any CPU.ActiveCfg = Debug|Any CPU
		{34478CB2-9F25-47BD-9C4F-9BD61A04B2AF}.Debug|Any CPU.Build.0 = Debug|Any CPU
		{34478CB2-9F25-47BD-9C4F-9BD61A04B2AF}.Debug|Any CPU.Deploy.0 = Debug|Any CPU
		{34478CB2-9F25-47BD-9C4F-9BD61A04B2AF}.Release|Any CPU.ActiveCfg = Release|Any CPU
		{34478CB2-9F25-47BD-9C4F-9BD61A04B2AF}.Release|Any CPU.Build.0 = Release|Any CPU
		{34478CB2-9F25-47BD-9C4F-9BD61A04B2AF}.Release|Any CPU.Deploy.0 = Release|Any CPU
		{C4D067BB-8C50-4F8B-8850-E98FCD570BB8}.Debug|Any CPU.ActiveCfg = Debug|Any CPU
		{C4D067BB-8C50-4F8B-8850-E98FCD570BB8}.Debug|Any CPU.Build.0 = Debug|Any CPU
		{C4D067BB-8C50-4F8B-8850-E98FCD570BB8}.Release|Any CPU.ActiveCfg = Release|Any CPU
		{C4D067BB-8C50-4F8B-8850-E98FCD570BB8}.Release|Any CPU.Build.0 = Release|Any CPU
	EndGlobalSection
	GlobalSection(SolutionProperties) = preSolution
		HideSolutionNode = FALSE
	EndGlobalSection
	GlobalSection(ExtensibilityGlobals) = postSolution
		SolutionGuid = {E7594BBC-8905-445A-B9CE-2C8C5CCE5829}
	EndGlobalSection
EndGlobal
